
Microsoft Visual Studio Solution File, Format Version 12.00
# Visual Studio Version 17
VisualStudioVersion = 17.9.34607.119
MinimumVisualStudioVersion = 10.0.40219.1
Project("{FAE04EC0-301F-11D3-BF4B-00C04F79EFBC}") = "SZGYA13C_Bevolkerung", "SZGYA13C_Bevolkerung\SZGYA13C_Bevolkerung.csproj", "{36698595-60C8-4567-A26D-126EFB664718}"
EndProject
Global
	GlobalSection(SolutionConfigurationPlatforms) = preSolution
		Debug|Any CPU = Debug|Any CPU
		Release|Any CPU = Release|Any CPU
	EndGlobalSection
	GlobalSection(ProjectConfigurationPlatforms) = postSolution
		{36698595-60C8-4567-A26D-126EFB664718}.Debug|Any CPU.ActiveCfg = Debug|Any CPU
		{36698595-60C8-4567-A26D-126EFB664718}.Debug|Any CPU.Build.0 = Debug|Any CPU
		{36698595-60C8-4567-A26D-126EFB664718}.Release|Any CPU.ActiveCfg = Release|Any CPU
		{36698595-60C8-4567-A26D-126EFB664718}.Release|Any CPU.Build.0 = Release|Any CPU
	EndGlobalSection
	GlobalSection(SolutionProperties) = preSolution
		HideSolutionNode = FALSE
	EndGlobalSection
	GlobalSection(ExtensibilityGlobals) = postSolution
		SolutionGuid = {6473CFBA-E2D4-43FA-BA45-404419CB6749}
	EndGlobalSection
EndGlobal
